# THIS IS AN AUTOGENERATED FILE. DO NOT EDIT THIS FILE DIRECTLY.
# yarn lockfile v1


"@servie/events@^1.0.0":
  version "1.0.0"
  resolved "https://registry.yarnpkg.com/@servie/events/-/events-1.0.0.tgz#8258684b52d418ab7b86533e861186638ecc5dc1"
  integrity sha512-sBSO19KzdrJCM3gdx6eIxV8M9Gxfgg6iDQmH5TIAGaUu+X9VDdsINXJOnoiZ1Kx3TrHdH4bt5UVglkjsEGBcvw==

"@types/node@^16.4.4":
  version "16.4.4"
  resolved "https://registry.yarnpkg.com/@types/node/-/node-16.4.4.tgz#bb0744c1dcc1fc374f51d3fd41d028331a2420d4"
  integrity sha512-BH/jX0HjzElFCQdAwaEMwuGBQwm6ViDZ00X6LKdnRRmGWOzkWugEH4+7a0BwfHQ8DfPPCSd/mdsm3Nu8FKFu0w==

"@types/tough-cookie@^2.3.5":
  version "2.3.8"
  resolved "https://registry.yarnpkg.com/@types/tough-cookie/-/tough-cookie-2.3.8.tgz#511fc1569cc32b0cf50941fe9f00bf70f94116bb"
  integrity sha512-7axfYN8SW9pWg78NgenHasSproWQee5rzyPVLC9HpaQSDgNArsnKJD88EaMfi4Pl48AyciO3agYCFqpHS1gLpg==

ansi-styles@^4.1.0:
  version "4.3.0"
  resolved "https://registry.yarnpkg.com/ansi-styles/-/ansi-styles-4.3.0.tgz#edd803628ae71c04c85ae7a0906edad34b648937"
  integrity sha512-zbB9rCJAT1rbjiVDb2hqKFHNYLxgtk8NURxZ3IZwD3F6NtxbXZQCnnSi1Lkx+IDohdPlFp222wVALIheZJQSEg==
  dependencies:
    color-convert "^2.0.1"

axios@^0.21.1:
  version "0.21.1"
  resolved "https://registry.yarnpkg.com/axios/-/axios-0.21.1.tgz#22563481962f4d6bde9a76d516ef0e5d3c09b2b8"
  integrity sha512-dKQiRHxGD9PPRIUNIWvZhPTPpl1rf/OxTYKsqKUDjBwYylTvV7SjSHJb9ratfyzM6wCdLCOYLzs73qpg5c4iGA==
  dependencies:
    follow-redirects "^1.10.0"

byte-length@^1.0.2:
  version "1.0.2"
  resolved "https://registry.yarnpkg.com/byte-length/-/byte-length-1.0.2.tgz#ba5a5909240b0121c079b7f7b15248d6f08223cc"
  integrity sha512-ovBpjmsgd/teRmgcPh23d4gJvxDoXtAzEL9xTfMU8Yc2kqCDb7L9jAG0XHl1nzuGl+h3ebCIF1i62UFyA9V/2Q==

chalk@^4.1.0:
  version "4.1.1"
  resolved "https://registry.yarnpkg.com/chalk/-/chalk-4.1.1.tgz#c80b3fab28bf6371e6863325eee67e618b77e6ad"
  integrity sha512-diHzdDKxcU+bAsUboHLPEDQiw0qEe0qd7SYUn3HgcFlWgbDcfLGswOHYeGrHKzG9z6UYf01d9VFMfZxPM1xZSg==
  dependencies:
    ansi-styles "^4.1.0"
    supports-color "^7.1.0"

client-oauth2@^4.3.3:
  version "4.3.3"
  resolved "https://registry.yarnpkg.com/client-oauth2/-/client-oauth2-4.3.3.tgz#7a700e6f4bf412c1f96da0d6b50e07676561e086"
  integrity sha512-k8AvUYJon0vv75ufoVo4nALYb/qwFFicO3I0+39C6xEdflqVtr+f9cy+0ZxAduoVSTfhP5DX2tY2XICAd5hy6Q==
  dependencies:
    popsicle "^12.0.5"
    safe-buffer "^5.2.0"

color-convert@^2.0.1:
  version "2.0.1"
  resolved "https://registry.yarnpkg.com/color-convert/-/color-convert-2.0.1.tgz#72d3a68d598c9bdb3af2ad1e84f21d896abd4de3"
  integrity sha512-RRECPsj7iu/xb5oKYcsFHSppFNnsj/52OVTRKb4zP5onXwVF3zVmmToNcOfGC+CRDpfK/U584fMg38ZHCaElKQ==
  dependencies:
    color-name "~1.1.4"

color-name@~1.1.4:
  version "1.1.4"
  resolved "https://registry.yarnpkg.com/color-name/-/color-name-1.1.4.tgz#c2a09a87acbde69543de6f63fa3995c826c536a2"
  integrity sha512-dOy+3AuW3a2wNbZHIuMZpTcgjGuLU/uBL/ubcZF9OXbDo8ff4O8yVp5Bf0efS8uEoYo5q4Fx7dY9OgQGXgAsQA==

enhanced-resolve@^5.7.0:
  version "5.8.2"
  resolved "https://registry.yarnpkg.com/enhanced-resolve/-/enhanced-resolve-5.8.2.tgz#15ddc779345cbb73e97c611cd00c01c1e7bf4d8b"
  integrity sha512-F27oB3WuHDzvR2DOGNTaYy0D5o0cnrv8TeI482VM4kYgQd/FT9lUQwuNsJ0oOHtBUq7eiW5ytqzp7nBFknL+GA==
  dependencies:
    graceful-fs "^4.2.4"
    tapable "^2.2.0"

follow-redirects@^1.10.0:
  version "1.14.1"
  resolved "https://registry.yarnpkg.com/follow-redirects/-/follow-redirects-1.14.1.tgz#d9114ded0a1cfdd334e164e6662ad02bfd91ff43"
  integrity sha512-HWqDgT7ZEkqRzBvc2s64vSZ/hfOceEol3ac/7tKwzuvEyWx3/4UegXh5oBOIotkGsObyk3xznnSRVADBgWSQVg==

graceful-fs@^4.2.4:
  version "4.2.6"
  resolved "https://registry.yarnpkg.com/graceful-fs/-/graceful-fs-4.2.6.tgz#ff040b2b0853b23c3d31027523706f1885d76bee"
  integrity sha512-nTnJ528pbqxYanhpDYsi4Rd8MAeaBA67+RZ10CM1m3bTAVFEDcd5AuA4a6W5YkGZ1iNXHzZz8T6TBKLeBuNriQ==

has-flag@^4.0.0:
  version "4.0.0"
  resolved "https://registry.yarnpkg.com/has-flag/-/has-flag-4.0.0.tgz#944771fd9c81c81265c4d6941860da06bb59479b"
  integrity sha512-EykJT/Q1KjTWctppgIAgfSO0tKVuZUjhgMr17kqTumMl6Afv3EISleU7qZUzoXDFTAHTDC4NOoG/ZxU3EvlMPQ==

ip-regex@^2.1.0:
  version "2.1.0"
  resolved "https://registry.yarnpkg.com/ip-regex/-/ip-regex-2.1.0.tgz#fa78bf5d2e6913c911ce9f819ee5146bb6d844e9"
  integrity sha1-+ni/XS5pE8kRzp+BnuUUa7bYROk=

json5@^2.2.0:
  version "2.2.0"
  resolved "https://registry.yarnpkg.com/json5/-/json5-2.2.0.tgz#2dfefe720c6ba525d9ebd909950f0515316c89a3"
  integrity sha512-f+8cldu7X/y7RAJurMEJmdoKXGB/X550w2Nr3tTbezL6RwEE/iMcm+tZnXeoZtKuOq6ft8+CqzEkrIgx1fPoQA==
  dependencies:
    minimist "^1.2.5"

make-error-cause@^2.2.0:
  version "2.3.0"
  resolved "https://registry.yarnpkg.com/make-error-cause/-/make-error-cause-2.3.0.tgz#ecd11875971e506d510e93d37796e5b83f46d6f9"
  integrity sha512-etgt+n4LlOkGSJbBTV9VROHA5R7ekIPS4vfh+bCAoJgRrJWdqJCBbpS3osRJ/HrT7R68MzMiY3L3sDJ/Fd8aBg==
  dependencies:
    make-error "^1.3.5"

make-error@^1.3.5:
  version "1.3.6"
  resolved "https://registry.yarnpkg.com/make-error/-/make-error-1.3.6.tgz#2eb2e37ea9b67c4891f684a1394799af484cf7a2"
  integrity sha512-s8UhlNe7vPKomQhC1qFelMokr/Sc3AgNbso3n74mVPA5LTZwkB9NlXf4XPamLxJE8h0gh73rM94xvwRT2CVInw==

minimist@^1.2.0, minimist@^1.2.5:
  version "1.2.5"
  resolved "https://registry.yarnpkg.com/minimist/-/minimist-1.2.5.tgz#67d66014b66a6a8aaa0c083c5fd58df4e4e97602"
  integrity sha512-FM9nNUYrRBAELZQT3xeZQ7fmMOBg6nWNmJKTcgsJeaLstP/UODVpGsr5OhXhhXg6f+qtJ8uiZ+PUxkDWcgIXLw==

popsicle-content-encoding@^1.0.0:
  version "1.0.0"
  resolved "https://registry.yarnpkg.com/popsicle-content-encoding/-/popsicle-content-encoding-1.0.0.tgz#2ab419083fee0387bf6e64d21b1a9af560795adb"
  integrity sha512-4Df+vTfM8wCCJVTzPujiI6eOl3SiWQkcZg0AMrOkD1enMXsF3glIkFUZGvour1Sj7jOWCsNSEhBxpbbhclHhzw==

popsicle-cookie-jar@^1.0.0:
  version "1.0.0"
  resolved "https://registry.yarnpkg.com/popsicle-cookie-jar/-/popsicle-cookie-jar-1.0.0.tgz#9e8c89be7182b31f7ce0e66dad465ae475d8f47c"
  integrity sha512-vrlOGvNVELko0+J8NpGC5lHWDGrk8LQJq9nwAMIVEVBfN1Lib3BLxAaLRGDTuUnvl45j5N9dT2H85PULz6IjjQ==
  dependencies:
    "@types/tough-cookie" "^2.3.5"
    tough-cookie "^3.0.1"

popsicle-redirects@^1.1.0:
  version "1.1.0"
  resolved "https://registry.yarnpkg.com/popsicle-redirects/-/popsicle-redirects-1.1.0.tgz#2a5abb49a7ad49c02e90b24d4608dc0b8b23176a"
  integrity sha512-XCpzVjVk7tty+IJnSdqWevmOr1n8HNDhL86v7mZ6T1JIIf2KGybxUk9mm7ZFOhWMkGB0e8XkacHip7BV8AQWQA==

popsicle-transport-http@^1.0.8:
  version "1.1.4"
  resolved "https://registry.yarnpkg.com/popsicle-transport-http/-/popsicle-transport-http-1.1.4.tgz#15657237784f7c94e73976e5d8c4b651bb0fcf5e"
  integrity sha512-HyFa/ZCcObP+H7T5b6d0I6ANBvrMEnjZeglopFhBi1uxEZ95qtX8GZDKU6JSMhf+iiNhxnGPZ/OJ2Q4FnH66LQ==
  dependencies:
    make-error-cause "^2.2.0"

popsicle-transport-xhr@^2.0.0:
  version "2.0.0"
  resolved "https://registry.yarnpkg.com/popsicle-transport-xhr/-/popsicle-transport-xhr-2.0.0.tgz#23d5fabb0e50e321d50219860825c27cd827ddd9"
  integrity sha512-5Sbud4Widngf1dodJE5cjEYXkzEUIl8CzyYRYR57t6vpy9a9KPGQX6KBKdPjmBZlR5A06pOBXuJnVr23l27rtA==

popsicle-user-agent@^1.0.0:
  version "1.0.0"
  resolved "https://registry.yarnpkg.com/popsicle-user-agent/-/popsicle-user-agent-1.0.0.tgz#976af355b605966168733c4e03ad1e4f783f5d48"
  integrity sha512-epKaq3TTfTzXcxBxjpoKYMcTTcAX8Rykus6QZu77XNhJuRHSRxMd+JJrbX/3PFI0opFGSN0BabbAYCbGxbu0mA==

popsicle@^12.0.5:
  version "12.1.0"
  resolved "https://registry.yarnpkg.com/popsicle/-/popsicle-12.1.0.tgz#80ba6ea75818d30658263329f1d8985751ecac02"
  integrity sha512-muNC/cIrWhfR6HqqhHazkxjob3eyECBe8uZYSQ/N5vixNAgssacVleerXnE8Are5fspR0a+d2qWaBR1g7RYlmw==
  dependencies:
    popsicle-content-encoding "^1.0.0"
    popsicle-cookie-jar "^1.0.0"
    popsicle-redirects "^1.1.0"
    popsicle-transport-http "^1.0.8"
    popsicle-transport-xhr "^2.0.0"
    popsicle-user-agent "^1.0.0"
    servie "^4.3.3"
    throwback "^4.1.0"

psl@^1.1.28:
  version "1.8.0"
  resolved "https://registry.yarnpkg.com/psl/-/psl-1.8.0.tgz#9326f8bcfb013adcc005fdff056acce020e51c24"
  integrity sha512-RIdOzyoavK+hA18OGGWDqUTsCLhtA7IcZ/6NCs4fFJaHBDab+pDDmDIByWFRQJq2Cd7r1OoQxBGKOaztq+hjIQ==

punycode@^2.1.1:
  version "2.1.1"
  resolved "https://registry.yarnpkg.com/punycode/-/punycode-2.1.1.tgz#b58b010ac40c22c5657616c8d2c2c02c7bf479ec"
  integrity sha512-XRsRjdf+j5ml+y/6GKHPZbrF/8p2Yga0JPtdqTIY2Xe5ohJPD9saDJJLPvp9+NSBprVvevdXZybnj2cv8OEd0A==

react-app-rewired@^2.1.8:
  version "2.1.8"
  resolved "https://registry.yarnpkg.com/react-app-rewired/-/react-app-rewired-2.1.8.tgz#e192f93b98daf96889418d33d3e86cf863812b56"
  integrity sha512-wjXPdKPLscA7mn0I1de1NHrbfWdXz4S1ladaGgHVKdn1hTgKK5N6EdGIJM0KrS6bKnJBj7WuqJroDTsPKKr66Q==
  dependencies:
    semver "^5.6.0"

safe-buffer@^5.2.0:
  version "5.2.1"
  resolved "https://registry.yarnpkg.com/safe-buffer/-/safe-buffer-5.2.1.tgz#1eaf9fa9bdb1fdd4ec75f58f9cdb4e6b7827eec6"
  integrity sha512-rp3So07KcdmmKbGvgaNxQSJr7bGVSVk5S9Eq1F+ppbRo70+YeaDxkw5Dd8NPN+GD6bjnYm2VuPuCXmpuYvmCXQ==

semver@^5.6.0:
  version "5.7.1"
  resolved "https://registry.yarnpkg.com/semver/-/semver-5.7.1.tgz#a954f931aeba508d307bbf069eff0c01c96116f7"
  integrity sha512-sauaDf/PZdVgrLTNYHRtpXa1iRiKcaebiKQ1BJdpQlWH2lCvexQdX55snPFyK7QzpudqbCI0qXFfOasHdyNDGQ==

servie@^4.3.3:
  version "4.3.3"
  resolved "https://registry.yarnpkg.com/servie/-/servie-4.3.3.tgz#4a9ffed6842cd0523003ad0ae9c0c8079f37718f"
  integrity sha512-b0IrY3b1gVMsWvJppCf19g1p3JSnS0hQi6xu4Hi40CIhf0Lx8pQHcvBL+xunShpmOiQzg1NOia812NAWdSaShw==
  dependencies:
    "@servie/events" "^1.0.0"
    byte-length "^1.0.2"
    ts-expect "^1.1.0"

strip-bom@^3.0.0:
  version "3.0.0"
  resolved "https://registry.yarnpkg.com/strip-bom/-/strip-bom-3.0.0.tgz#2334c18e9c759f7bdd56fdef7e9ae3d588e68ed3"
  integrity sha1-IzTBjpx1n3vdVv3vfprj1YjmjtM=

supports-color@^7.1.0:
  version "7.2.0"
  resolved "https://registry.yarnpkg.com/supports-color/-/supports-color-7.2.0.tgz#1b7dcdcb32b8138801b3e478ba6a51caa89648da"
  integrity sha512-qpCAvRl9stuOHveKsn7HncJRvv501qIacKzQlO/+Lwxc9+0q2wLyv4Dfvt80/DPn2pqOBsJdDiogXGR9+OvwRw==
  dependencies:
    has-flag "^4.0.0"

tapable@^2.2.0:
  version "2.2.0"
  resolved "https://registry.yarnpkg.com/tapable/-/tapable-2.2.0.tgz#5c373d281d9c672848213d0e037d1c4165ab426b"
  integrity sha512-FBk4IesMV1rBxX2tfiK8RAmogtWn53puLOQlvO8XuwlgxcYbP4mVPS9Ph4aeamSyyVjOl24aYWAuc8U5kCVwMw==

throwback@^4.1.0:
  version "4.1.0"
  resolved "https://registry.yarnpkg.com/throwback/-/throwback-4.1.0.tgz#421aac7ba9eff473105385ac4a2b0130d4b0a59c"
  integrity sha512-dLFe8bU8SeH0xeqeKL7BNo8XoPC/o91nz9/ooeplZPiso+DZukhoyZcSz9TFnUNScm+cA9qjU1m1853M6sPOng==

tough-cookie@^3.0.1:
  version "3.0.1"
  resolved "https://registry.yarnpkg.com/tough-cookie/-/tough-cookie-3.0.1.tgz#9df4f57e739c26930a018184887f4adb7dca73b2"
  integrity sha512-yQyJ0u4pZsv9D4clxO69OEjLWYw+jbgspjTue4lTQZLfV0c5l1VmK2y1JK8E9ahdpltPOaAThPcp5nKPUgSnsg==
  dependencies:
    ip-regex "^2.1.0"
    psl "^1.1.28"
    punycode "^2.1.1"

ts-expect@^1.1.0:
  version "1.3.0"
  resolved "https://registry.yarnpkg.com/ts-expect/-/ts-expect-1.3.0.tgz#3f8d3966e0e22b5e2bb88337eb99db6816a4c1cf"
  integrity sha512-e4g0EJtAjk64xgnFPD6kTBUtpnMVzDrMb12N1YZV0VvSlhnVT3SGxiYTLdGy8Q5cYHOIC/FAHmZ10eGrAguicQ==

tsconfig-paths-webpack-plugin@^3.5.1:
  version "3.5.1"
  resolved "https://registry.yarnpkg.com/tsconfig-paths-webpack-plugin/-/tsconfig-paths-webpack-plugin-3.5.1.tgz#e4dbf492a20dca9caab60086ddacb703afc2b726"
  integrity sha512-n5CMlUUj+N5pjBhBACLq4jdr9cPTitySCjIosoQm0zwK99gmrcTGAfY9CwxRFT9+9OleNWXPRUcxsKP4AYExxQ==
  dependencies:
    chalk "^4.1.0"
    enhanced-resolve "^5.7.0"
    tsconfig-paths "^3.9.0"

tsconfig-paths@^3.9.0:
  version "3.10.1"
  resolved "https://registry.yarnpkg.com/tsconfig-paths/-/tsconfig-paths-3.10.1.tgz#79ae67a68c15289fdf5c51cb74f397522d795ed7"
  integrity sha512-rETidPDgCpltxF7MjBZlAFPUHv5aHH2MymyPvh+vEyWAED4Eb/WeMbsnD/JDr4OKPOA1TssDHgIcpTN5Kh0p6Q==
  dependencies:
    json5 "^2.2.0"
    minimist "^1.2.0"
    strip-bom "^3.0.0"

typescript@^4.3.5:
  version "4.3.5"
  resolved "https://registry.yarnpkg.com/typescript/-/typescript-4.3.5.tgz#4d1c37cc16e893973c45a06886b7113234f119f4"
  integrity sha512-DqQgihaQ9cUrskJo9kIyW/+g0Vxsk8cDtZ52a3NGh0YNTfpUSArXSohyUGnvbPazEPLu398C0UxmKSOrPumUzA==
