{
	"name": "@hexhive/collaboration-client",
	"version": "0.0.6-alpha.13",
	"lockfileVersion": 2,
	"requires": true,
	"packages": {
		"": {
			"name": "@hexhive/collaboration-client",
			"version": "0.0.5-alpha.0",
			"license": "ISC",
			"dependencies": {
				"automerge": "^1.0.1-preview.3",
				"path-browserify": "^1.0.1",
				"process": "^0.11.10",
				"react": "^17.0.2",
				"ws": "^7.5.3"
			},
			"devDependencies": {
				"@babel/runtime": "^7.15.3",
				"@types/node": "^16.4.0",
				"@types/ws": "^7.4.7",
				"typescript": "^4.2.0-beta"
			}
		},
		"node_modules/@babel/runtime": {
			"version": "7.15.3",
			"dev": true,
			"license": "MIT",
			"dependencies": {
				"regenerator-runtime": "^0.13.4"
			},
			"engines": {
				"node": ">=6.9.0"
			}
		},
		"node_modules/@types/node": {
			"version": "16.6.0",
			"dev": true,
			"license": "MIT"
		},
		"node_modules/@types/ws": {
			"version": "7.4.7",
			"dev": true,
			"license": "MIT",
			"dependencies": {
				"@types/node": "*"
			}
		},
		"node_modules/automerge": {
			"version": "1.0.1-preview.4",
			"license": "MIT",
			"dependencies": {
				"fast-sha256": "^1.3.0",
				"immutable": "^3.8.2",
				"pako": "^2.0.3",
				"uuid": "^3.4.0"
			}
		},
		"node_modules/fast-sha256": {
			"version": "1.3.0",
			"license": "Unlicense"
		},
		"node_modules/immutable": {
			"version": "3.8.2",
			"license": "MIT",
			"engines": {
				"node": ">=0.10.0"
			}
		},
		"node_modules/js-tokens": {
			"version": "4.0.0",
			"license": "MIT"
		},
		"node_modules/loose-envify": {
			"version": "1.4.0",
			"license": "MIT",
			"dependencies": {
				"js-tokens": "^3.0.0 || ^4.0.0"
			},
			"bin": {
				"loose-envify": "cli.js"
			}
		},
		"node_modules/object-assign": {
			"version": "4.1.1",
			"license": "MIT",
			"engines": {
				"node": ">=0.10.0"
			}
		},
		"node_modules/pako": {
			"version": "2.0.4",
			"license": "(MIT AND Zlib)"
		},
		"node_modules/path-browserify": {
			"version": "1.0.1",
			"license": "MIT"
		},
		"node_modules/process": {
			"version": "0.11.10",
			"license": "MIT",
			"engines": {
				"node": ">= 0.6.0"
			}
		},
		"node_modules/react": {
			"version": "17.0.2",
			"license": "MIT",
			"dependencies": {
				"loose-envify": "^1.1.0",
				"object-assign": "^4.1.1"
			},
			"engines": {
				"node": ">=0.10.0"
			}
		},
		"node_modules/regenerator-runtime": {
			"version": "0.13.9",
			"dev": true,
			"license": "MIT"
		},
		"node_modules/typescript": {
			"version": "4.3.5",
			"dev": true,
			"license": "Apache-2.0",
			"bin": {
				"tsc": "bin/tsc",
				"tsserver": "bin/tsserver"
			},
			"engines": {
				"node": ">=4.2.0"
			}
		},
		"node_modules/uuid": {
			"version": "3.4.0",
			"license": "MIT",
			"bin": {
				"uuid": "bin/uuid"
			}
		},
		"node_modules/ws": {
			"version": "7.5.3",
			"license": "MIT",
			"engines": {
				"node": ">=8.3.0"
			},
			"peerDependencies": {
				"bufferutil": "^4.0.1",
				"utf-8-validate": "^5.0.2"
			},
			"peerDependenciesMeta": {
				"bufferutil": {
					"optional": true
				},
				"utf-8-validate": {
					"optional": true
				}
			}
		}
	},
	"dependencies": {
		"@babel/runtime": {
			"version": "7.15.3",
			"dev": true,
			"requires": {
				"regenerator-runtime": "^0.13.4"
			}
		},
		"@types/node": {
			"version": "16.6.0",
			"dev": true
		},
		"@types/ws": {
			"version": "7.4.7",
			"dev": true,
			"requires": {
				"@types/node": "*"
			}
		},
		"automerge": {
			"version": "1.0.1-preview.4",
			"requires": {
				"fast-sha256": "^1.3.0",
				"immutable": "^3.8.2",
				"pako": "^2.0.3",
				"uuid": "^3.4.0"
			}
		},
		"fast-sha256": {
			"version": "1.3.0"
		},
		"immutable": {
			"version": "3.8.2"
		},
		"js-tokens": {
			"version": "4.0.0"
		},
		"loose-envify": {
			"version": "1.4.0",
			"requires": {
				"js-tokens": "^3.0.0 || ^4.0.0"
			}
		},
		"object-assign": {
			"version": "4.1.1"
		},
		"pako": {
			"version": "2.0.4"
		},
		"path-browserify": {
			"version": "1.0.1"
		},
		"process": {
			"version": "0.11.10"
		},
		"react": {
			"version": "17.0.2",
			"requires": {
				"loose-envify": "^1.1.0",
				"object-assign": "^4.1.1"
			}
		},
		"regenerator-runtime": {
			"version": "0.13.9",
			"dev": true
		},
		"typescript": {
			"version": "4.3.5",
			"dev": true
		},
		"uuid": {
			"version": "3.4.0"
		},
		"ws": {
			"version": "7.5.3",
			"requires": {}
		}
	}
}
