# THIS IS AN AUTOGENERATED FILE. DO NOT EDIT THIS FILE DIRECTLY.
# yarn lockfile v1


"@gqty/cli@^3.2.0":
  version "3.2.0"
  resolved "https://registry.yarnpkg.com/@gqty/cli/-/cli-3.2.0.tgz#2c56022572b7de35a2281a227835a542aabf15f4"
  integrity sha512-fHf2YxJXxGqOGEyZpb0bVRPAFbETv009X/R3Jc9T36PzNOdBqtGeckvn1B1dJUW6j8v5VW62vfwhWO+IOdHh5g==
  dependencies:
    gqty "^2.2.0"
    undici "^4.15.0"

"@gqty/react@^2.1.0":
  version "2.1.0"
  resolved "https://registry.yarnpkg.com/@gqty/react/-/react-2.1.0.tgz#fed7aaa9a3c05e510b072fdb96107170b1634319"
  integrity sha512-aTQEE2voYBqvgLhOs1VgBczL/EUVnbYHFzY1HKCNONH+MyLW0SClGXUcAPcHYEAgkfUfJlbM8egPd5cY1aJZDg==
  dependencies:
    react-ssr-prepass "^1.4.0"

"@types/node@^17.0.24":
  version "17.0.24"
  resolved "https://registry.yarnpkg.com/@types/node/-/node-17.0.24.tgz#20ba1bf69c1b4ab405c7a01e950c4f446b05029f"
  integrity sha512-aveCYRQbgTH9Pssp1voEP7HiuWlD2jW2BO56w+bVrJn04i61yh6mRfoKO6hEYQD9vF+W8Chkwc6j1M36uPkx4g==

gqty@^2.1.0, gqty@^2.2.0:
  version "2.2.0"
  resolved "https://registry.yarnpkg.com/gqty/-/gqty-2.2.0.tgz#5bb07f5cbafebcb5a3a2de34d353a8c2466395dd"
  integrity sha512-hxYu6ze4FduRqNQl/wCQjVEUqWLLsC26/56nVOoAIRlcQEYKOvkn67c7/URbAprNlk0rrJ/Wh3M/YCft5hEaZA==
  dependencies:
    lodash "^4.17.21"

graphql@^16.3.0:
  version "16.3.0"
  resolved "https://registry.yarnpkg.com/graphql/-/graphql-16.3.0.tgz#a91e24d10babf9e60c706919bb182b53ccdffc05"
  integrity sha512-xm+ANmA16BzCT5pLjuXySbQVFwH3oJctUVdy81w1sV0vBU0KgDdBGtxQOUd5zqOBk/JayAFeG8Dlmeq74rjm/A==

lodash@^4.17.21:
  version "4.17.21"
  resolved "https://registry.yarnpkg.com/lodash/-/lodash-4.17.21.tgz#679591c564c3bffaae8454cf0b3df370c3d6911c"
  integrity sha512-v2kDEe57lecTulaDIuNTPy3Ry4gLGJ6Z1O3vE1krgXZNrsQ+LFTGHVxVjcXPs17LhbZVGedAJv8XZ1tvj5FvSg==

react-ssr-prepass@^1.4.0:
  version "1.5.0"
  resolved "https://registry.yarnpkg.com/react-ssr-prepass/-/react-ssr-prepass-1.5.0.tgz#bc4ca7fcb52365e6aea11cc254a3d1bdcbd030c5"
  integrity sha512-yFNHrlVEReVYKsLI5lF05tZoHveA5pGzjFbFJY/3pOqqjGOmMmqx83N4hIjN2n6E1AOa+eQEUxs3CgRnPmT0RQ==

typescript@^4.6.3:
  version "4.6.3"
  resolved "https://registry.yarnpkg.com/typescript/-/typescript-4.6.3.tgz#eefeafa6afdd31d725584c67a0eaba80f6fc6c6c"
  integrity sha512-yNIatDa5iaofVozS/uQJEl3JRWLKKGJKh6Yaiv0GLGSuhpFJe7P3SbHZ8/yjAHRQwKRoA6YZqlfjXWmVzoVSMw==

undici@^4.15.0:
  version "4.16.0"
  resolved "https://registry.yarnpkg.com/undici/-/undici-4.16.0.tgz#469bb87b3b918818d3d7843d91a1d08da357d5ff"
  integrity sha512-tkZSECUYi+/T1i4u+4+lwZmQgLXd4BLGlrc7KZPcLIW7Jpq99+Xpc30ONv7nS6F5UNOxp/HBZSSL9MafUrvJbw==
