# THIS IS AN AUTOGENERATED FILE. DO NOT EDIT THIS FILE DIRECTLY.
# yarn lockfile v1


"@cspotcode/source-map-consumer@0.8.0":
  version "0.8.0"
  resolved "https://registry.yarnpkg.com/@cspotcode/source-map-consumer/-/source-map-consumer-0.8.0.tgz#33bf4b7b39c178821606f669bbc447a6a629786b"
  integrity sha512-41qniHzTU8yAGbCp04ohlmSrZf8bkf/iJsl3V0dRGsQN/5GFfx+LbCSsCpp2gqrqjTVg/K6O8ycoV35JIwAzAg==

"@cspotcode/source-map-support@0.6.1":
  version "0.6.1"
  resolved "https://registry.yarnpkg.com/@cspotcode/source-map-support/-/source-map-support-0.6.1.tgz#118511f316e2e87ee4294761868e254d3da47960"
  integrity sha512-DX3Z+T5dt1ockmPdobJS/FAsQPW4V4SrWEhD2iYQT2Cb2tQsiMnYxrcUH9By/Z3B+v0S5LMBkQtV/XOBbpLEOg==
  dependencies:
    "@cspotcode/source-map-consumer" "0.8.0"

"@graphql-tools/batch-delegate@8.0.7":
  version "8.0.7"
  resolved "https://registry.yarnpkg.com/@graphql-tools/batch-delegate/-/batch-delegate-8.0.7.tgz#3a164b81e912f66390251d19c499a319bcc7e7b6"
  integrity sha512-WoErQ3ugQFzQd88eBZfqrn7yx+wR8PWHi1AB+ynxp61jLZxgMDxsOG3Sc3kPVmbC5UM6sqatmnBTeAsrAVEdAQ==
  dependencies:
    "@graphql-tools/delegate" "8.0.7"
    "@graphql-tools/utils" "8.0.2"
    dataloader "2.0.0"
    tslib "~2.3.0"

"@graphql-tools/batch-execute@^8.0.2":
  version "8.0.2"
  resolved "https://registry.yarnpkg.com/@graphql-tools/batch-execute/-/batch-execute-8.0.2.tgz#ad9e9b1f791ef9824f72b3bde9987fc7d191e929"
  integrity sha512-IsTwujhWYbEPCPdUaEsEihzovQMfNeoOhV7LgXpJXyLAvr24WpY5H/Yn1FaT9B1Ki1Oh6sgYbuai9gNm3iDz5A==
  dependencies:
    "@graphql-tools/utils" "8.0.2"
    dataloader "2.0.0"
    tslib "~2.3.0"
    value-or-promise "1.0.10"

"@graphql-tools/delegate@8.0.7":
  version "8.0.7"
  resolved "https://registry.yarnpkg.com/@graphql-tools/delegate/-/delegate-8.0.7.tgz#ea66837233f4080eb679e57838390b9899c910ed"
  integrity sha512-QtCpvvUhIesyksHOc896VvskatLwQpT8FDiTwrkBwWa2x6EyBwxNeKjRLOXKUDbRenpmjuiOFBlbZFjoxn+YEw==
  dependencies:
    "@graphql-tools/batch-execute" "^8.0.2"
    "@graphql-tools/schema" "^8.0.2"
    "@graphql-tools/utils" "8.0.2"
    dataloader "2.0.0"
    tslib "~2.3.0"
    value-or-promise "1.0.10"

"@graphql-tools/merge@7.0.0", "@graphql-tools/merge@^7.0.0":
  version "7.0.0"
  resolved "https://registry.yarnpkg.com/@graphql-tools/merge/-/merge-7.0.0.tgz#af3380f5dc4536870397a3bac5afd0cd53e11add"
  integrity sha512-u7TTwKQ7cybAkn6snYPRg3um/C2u690wlD8TgHITAmGQDAExN/yipSSBgu4rXWopsPLsY0G30mJ8tOWToZVE1w==
  dependencies:
    "@graphql-tools/schema" "^8.0.3"
    "@graphql-tools/utils" "8.0.2"
    tslib "~2.3.0"

"@graphql-tools/schema@^8.0.2", "@graphql-tools/schema@^8.0.3":
  version "8.0.3"
  resolved "https://registry.yarnpkg.com/@graphql-tools/schema/-/schema-8.0.3.tgz#504a6b279be52a278b9c8af90b710c9dcc9ff732"
  integrity sha512-ufJH7r/RcetVPd3kKCZ16/JTRkOX8aB1yGbYnUjqWEIdYEZc3Fpg7AVlcliu2JlvwR+WSNlgWn2QK76QCsFFdA==
  dependencies:
    "@graphql-tools/merge" "7.0.0"
    "@graphql-tools/utils" "8.0.2"
    tslib "~2.3.0"
    value-or-promise "1.0.10"

"@graphql-tools/stitch@^8.0.8":
  version "8.0.8"
  resolved "https://registry.yarnpkg.com/@graphql-tools/stitch/-/stitch-8.0.8.tgz#852d231a1796815ee0c962b3ea7957719beea31c"
  integrity sha512-ydzQSI5cBWoy8zPtYUSsHuk98zKhI2E95H6eLffKC0VkNTGcO06/7vJNRtE7lj1ldhpLA5fnmiM51iWnUMBMCQ==
  dependencies:
    "@graphql-tools/batch-delegate" "8.0.7"
    "@graphql-tools/delegate" "8.0.7"
    "@graphql-tools/merge" "^7.0.0"
    "@graphql-tools/schema" "^8.0.3"
    "@graphql-tools/utils" "8.0.2"
    "@graphql-tools/wrap" "^8.0.7"
    tslib "~2.3.0"

"@graphql-tools/utils@8.0.2":
  version "8.0.2"
  resolved "https://registry.yarnpkg.com/@graphql-tools/utils/-/utils-8.0.2.tgz#795a8383cdfdc89855707d62491c576f439f3c51"
  integrity sha512-gzkavMOgbhnwkHJYg32Adv6f+LxjbQmmbdD5Hty0+CWxvaiuJq+nU6tzb/7VSU4cwhbNLx/lGu2jbCPEW1McZQ==
  dependencies:
    tslib "~2.3.0"

"@graphql-tools/wrap@^8.0.7":
  version "8.0.8"
  resolved "https://registry.yarnpkg.com/@graphql-tools/wrap/-/wrap-8.0.8.tgz#c67973161eb10e340c39edb739b6694c8c3bde3d"
  integrity sha512-AewKR5zpDXaiSIucJv0TFiCxIKjHiyeSBtj9FvUQ57mgph7SowxR7jT7qxJ0IVICNTA415Aiii9dgmfikCPpsw==
  dependencies:
    "@graphql-tools/delegate" "8.0.7"
    "@graphql-tools/schema" "^8.0.2"
    "@graphql-tools/utils" "8.0.2"
    tslib "~2.3.0"
    value-or-promise "1.0.10"

"@greenlock/manager@^3.1.0":
  version "3.1.0"
  resolved "https://registry.yarnpkg.com/@greenlock/manager/-/manager-3.1.0.tgz#0f540fe94d2ab023fe5aea135fb02c025ab47c9e"
  integrity sha512-PBy5CMK+j4oD7sj7hF5qE+xKEOSiiuL2hHd5X5ttEbtnTSDKjNeqbrR5k2ZddwVNdjOVeBIeuqlm81IFZ+Ftew==
  dependencies:
    greenlock-manager-fs "^3.1.0"

"@root/acme@^3.1.0":
  version "3.1.0"
  resolved "https://registry.yarnpkg.com/@root/acme/-/acme-3.1.0.tgz#e40efbdd18efa6471fa1546d5ee26474ec2bfe27"
  integrity sha512-GAyaW63cpSYd2KvVp5lHLbCWeEhJPKZK9nsJvZJOKsD9Uv88KEttn4FpDZEJ+2q3Jsey0DWpuQ2I4ft0JV9p2w==
  dependencies:
    "@root/csr" "^0.8.1"
    "@root/encoding" "^1.0.1"
    "@root/keypairs" "^0.10.0"
    "@root/pem" "^1.0.4"
    "@root/request" "^1.6.1"
    "@root/x509" "^0.7.2"

"@root/asn1@^1.0.0":
  version "1.0.0"
  resolved "https://registry.yarnpkg.com/@root/asn1/-/asn1-1.0.0.tgz#8748cf7b4497324de91a154b606ca1ddfe97c5d7"
  integrity sha512-0lfZNuOULKJDJmdIkP8V9RnbV3XaK6PAHD3swnFy4tZwtlMDzLKoM/dfNad7ut8Hu3r91wy9uK0WA/9zym5mig==
  dependencies:
    "@root/encoding" "^1.0.1"

"@root/csr@^0.8.1":
  version "0.8.1"
  resolved "https://registry.yarnpkg.com/@root/csr/-/csr-0.8.1.tgz#97a1b821331a4ed5895eee33bedb6ad49cdef74e"
  integrity sha512-hKl0VuE549TK6SnS2Yn9nRvKbFZXn/oAg+dZJU/tlKl/f/0yRXeuUzf8akg3JjtJq+9E592zDqeXZ7yyrg8fSQ==
  dependencies:
    "@root/asn1" "^1.0.0"
    "@root/pem" "^1.0.4"
    "@root/x509" "^0.7.2"

"@root/encoding@^1.0.1":
  version "1.0.1"
  resolved "https://registry.yarnpkg.com/@root/encoding/-/encoding-1.0.1.tgz#60cf3ccb9e2239226b30e8394c7a4a258a161c3e"
  integrity sha512-OaEub02ufoU038gy6bsNHQOjIn8nUjGiLcaRmJ40IUykneJkIW5fxDqKxQx48cszuNflYldsJLPPXCrGfHs8yQ==

"@root/greenlock-express@^4.0.3":
  version "4.0.4"
  resolved "https://registry.yarnpkg.com/@root/greenlock-express/-/greenlock-express-4.0.4.tgz#4451868bc912028a1d7e13811ab664d894b8fc29"
  integrity sha512-a0/9tHNQwt5Uyod7Mp59lo5UwrjdpOaRgaw8oKvDopVvrjsk1Urdhz9MoLh5p4APt7KhAI/hMFSG4gvczgSwaA==
  dependencies:
    "@root/greenlock" "^4.0.5"
    redirect-https "^1.3.1"

"@root/greenlock@^4.0.4", "@root/greenlock@^4.0.5":
  version "4.0.5"
  resolved "https://registry.yarnpkg.com/@root/greenlock/-/greenlock-4.0.5.tgz#b960a143b9595d2086be886a01914c9e2b68e0c4"
  integrity sha512-KR9w3mYE9aH33FCibI8oSYBQV+f7lc3MVPdZ9nxY2tqRLmJp05cMOMz340mtG14VnWDuznLj4TbBj3sHIuoQPQ==
  dependencies:
    "@greenlock/manager" "^3.1.0"
    "@root/acme" "^3.1.0"
    "@root/csr" "^0.8.1"
    "@root/keypairs" "^0.10.0"
    "@root/mkdirp" "^1.0.0"
    "@root/request" "^1.6.1"
    acme-http-01-standalone "^3.0.5"
    cert-info "^1.5.1"
    greenlock-store-fs "^3.2.2"
    safe-replace "^1.1.0"

"@root/keypairs@^0.10.0":
  version "0.10.1"
  resolved "https://registry.yarnpkg.com/@root/keypairs/-/keypairs-0.10.1.tgz#c49df328b5a5a1d871870abc426b5249c7bd21bd"
  integrity sha512-LuBheiQwMLCN5iWmhjyW9Mgc7uX16+gABSDfFafaBQnSPVylnOksHa22bqZmDkMCsinOOjUecgy2UgREOT3cOg==
  dependencies:
    "@root/encoding" "^1.0.1"
    "@root/pem" "^1.0.4"
    "@root/x509" "^0.7.2"

"@root/mkdirp@^1.0.0":
  version "1.0.0"
  resolved "https://registry.yarnpkg.com/@root/mkdirp/-/mkdirp-1.0.0.tgz#f200e29568d711d3357151af0d2648e7eaf21b6f"
  integrity sha512-hxGAYUx5029VggfG+U9naAhQkoMSXtOeXtbql97m3Hi6/sQSRL/4khKZPyOF6w11glyCOU38WCNLu9nUcSjOfA==

"@root/pem@^1.0.4":
  version "1.0.4"
  resolved "https://registry.yarnpkg.com/@root/pem/-/pem-1.0.4.tgz#9ecc3419c0a05c92b8ecbfe0a41f474970f8c72f"
  integrity sha512-rEUDiUsHtild8GfIjFE9wXtcVxeS+ehCJQBwbQQ3IVfORKHK93CFnRtkr69R75lZFjcmKYVc+AXDB+AeRFOULA==

"@root/request@^1.6.1":
  version "1.7.0"
  resolved "https://registry.yarnpkg.com/@root/request/-/request-1.7.0.tgz#d9be84c82201e64a2578323e98704cb79dd8dd74"
  integrity sha512-lre7XVeEwszgyrayWWb/kRn5fuJfa+n0Nh+rflM9E+EpC28yIYA+FPm/OL1uhzp3TxhQM0HFN4FE2RDIPGlnmg==

"@root/x509@^0.7.2":
  version "0.7.2"
  resolved "https://registry.yarnpkg.com/@root/x509/-/x509-0.7.2.tgz#422ca7e46c09f5ddf3af86306383778eb004ace1"
  integrity sha512-ENq3LGYORK5NiMFHEVeNMt+fTXaC7DTS6sQXoqV+dFdfT0vmiL5cDLjaXQhaklJQq0NiwicZegzJRl1ZOTp3WQ==
  dependencies:
    "@root/asn1" "^1.0.0"
    "@root/encoding" "^1.0.1"

"@tsconfig/node10@^1.0.7":
  version "1.0.8"
  resolved "https://registry.yarnpkg.com/@tsconfig/node10/-/node10-1.0.8.tgz#c1e4e80d6f964fbecb3359c43bd48b40f7cadad9"
  integrity sha512-6XFfSQmMgq0CFLY1MslA/CPUfhIL919M1rMsa5lP2P097N2Wd1sSX0tx1u4olM16fLNhtHZpRhedZJphNJqmZg==

"@tsconfig/node12@^1.0.7":
  version "1.0.9"
  resolved "https://registry.yarnpkg.com/@tsconfig/node12/-/node12-1.0.9.tgz#62c1f6dee2ebd9aead80dc3afa56810e58e1a04c"
  integrity sha512-/yBMcem+fbvhSREH+s14YJi18sp7J9jpuhYByADT2rypfajMZZN4WQ6zBGgBKp53NKmqI36wFYDb3yaMPurITw==

"@tsconfig/node14@^1.0.0":
  version "1.0.1"
  resolved "https://registry.yarnpkg.com/@tsconfig/node14/-/node14-1.0.1.tgz#95f2d167ffb9b8d2068b0b235302fafd4df711f2"
  integrity sha512-509r2+yARFfHHE7T6Puu2jjkoycftovhXRqW328PDXTVGKihlb1P8Z9mMZH04ebyajfRY7dedfGynlrFHJUQCg==

"@tsconfig/node16@^1.0.2":
  version "1.0.2"
  resolved "https://registry.yarnpkg.com/@tsconfig/node16/-/node16-1.0.2.tgz#423c77877d0569db20e1fc80885ac4118314010e"
  integrity sha512-eZxlbI8GZscaGS7kkc/trHTT5xgrjH3/1n2JDwusC9iahPKWMRvRjJSAN5mCXviuTGQ/lHnhvv8Q1YTpnfz9gA==

"@types/body-parser@*":
  version "1.19.1"
  resolved "https://registry.yarnpkg.com/@types/body-parser/-/body-parser-1.19.1.tgz#0c0174c42a7d017b818303d4b5d969cb0b75929c"
  integrity sha512-a6bTJ21vFOGIkwM0kzh9Yr89ziVxq4vYH2fQ6N8AeipEzai/cFK6aGMArIkUeIdRIgpwQa+2bXiLuUJCpSf2Cg==
  dependencies:
    "@types/connect" "*"
    "@types/node" "*"

"@types/connect@*":
  version "3.4.35"
  resolved "https://registry.yarnpkg.com/@types/connect/-/connect-3.4.35.tgz#5fcf6ae445e4021d1fc2219a4873cc73a3bb2ad1"
  integrity sha512-cdeYyv4KWoEgpBISTxWvqYsVy444DOqehiF3fM3ne10AmJ62RSyNkUnxMJXHQWRQQX2eR94m5y1IZyDwBjV9FQ==
  dependencies:
    "@types/node" "*"

"@types/cookie-parser@^1.4.2":
  version "1.4.2"
  resolved "https://registry.yarnpkg.com/@types/cookie-parser/-/cookie-parser-1.4.2.tgz#e4d5c5ffda82b80672a88a4281aaceefb1bd9df5"
  integrity sha512-uwcY8m6SDQqciHsqcKDGbo10GdasYsPCYkH3hVegj9qAah6pX5HivOnOuI3WYmyQMnOATV39zv/Ybs0bC/6iVg==
  dependencies:
    "@types/express" "*"

"@types/express-serve-static-core@^4.17.18":
  version "4.17.24"
  resolved "https://registry.yarnpkg.com/@types/express-serve-static-core/-/express-serve-static-core-4.17.24.tgz#ea41f93bf7e0d59cd5a76665068ed6aab6815c07"
  integrity sha512-3UJuW+Qxhzwjq3xhwXm2onQcFHn76frIYVbTu+kn24LFxI+dEhdfISDFovPB8VpEgW8oQCTpRuCe+0zJxB7NEA==
  dependencies:
    "@types/node" "*"
    "@types/qs" "*"
    "@types/range-parser" "*"

"@types/express@*":
  version "4.17.13"
  resolved "https://registry.yarnpkg.com/@types/express/-/express-4.17.13.tgz#a76e2995728999bab51a33fabce1d705a3709034"
  integrity sha512-6bSZTPaTIACxn48l50SR+axgrqm6qXFIxrdAKaG6PaJk3+zuUr35hBlgT7vOmJcum+OEaIBLtHV/qloEAFITeA==
  dependencies:
    "@types/body-parser" "*"
    "@types/express-serve-static-core" "^4.17.18"
    "@types/qs" "*"
    "@types/serve-static" "*"

"@types/mime@^1":
  version "1.3.2"
  resolved "https://registry.yarnpkg.com/@types/mime/-/mime-1.3.2.tgz#93e25bf9ee75fe0fd80b594bc4feb0e862111b5a"
  integrity sha512-YATxVxgRqNH6nHEIsvg6k2Boc1JHI9ZbH5iWFFv/MTkchz3b1ieGDa5T0a9RznNdI0KhVbdbWSN+KWWrQZRxTw==

"@types/node@*":
  version "16.4.13"
  resolved "https://registry.yarnpkg.com/@types/node/-/node-16.4.13.tgz#7dfd9c14661edc65cccd43a29eb454174642370d"
  integrity sha512-bLL69sKtd25w7p1nvg9pigE4gtKVpGTPojBFLMkGHXuUgap2sLqQt2qUnqmVCDfzGUL0DRNZP+1prIZJbMeAXg==

"@types/qs@*":
  version "6.9.7"
  resolved "https://registry.yarnpkg.com/@types/qs/-/qs-6.9.7.tgz#63bb7d067db107cc1e457c303bc25d511febf6cb"
  integrity sha512-FGa1F62FT09qcrueBA6qYTrJPVDzah9a+493+o2PCXsesWHIn27G98TsSMs3WPNbZIEj4+VJf6saSFpvD+3Zsw==

"@types/range-parser@*":
  version "1.2.4"
  resolved "https://registry.yarnpkg.com/@types/range-parser/-/range-parser-1.2.4.tgz#cd667bcfdd025213aafb7ca5915a932590acdcdc"
  integrity sha512-EEhsLsD6UsDM1yFhAvy0Cjr6VwmpMWqFBCb9w07wVugF7w9nfajxLuVmngTIpgS6svCnm6Vaw+MZhoDCKnOfsw==

"@types/serve-static@*":
  version "1.13.10"
  resolved "https://registry.yarnpkg.com/@types/serve-static/-/serve-static-1.13.10.tgz#f5e0ce8797d2d7cc5ebeda48a52c96c4fa47a8d9"
  integrity sha512-nCkHGI4w7ZgAdNkrEu0bv+4xNV/XDqW+DydknebMOQwkpDGx8G+HTlj7R7ABI8i8nKxVw0wtKPi1D+lPOkh4YQ==
  dependencies:
    "@types/mime" "^1"
    "@types/node" "*"

"@types/ws@^7.4.7":
  version "7.4.7"
  resolved "https://registry.yarnpkg.com/@types/ws/-/ws-7.4.7.tgz#f7c390a36f7a0679aa69de2d501319f4f8d9b702"
  integrity sha512-JQbbmxZTZehdc2iszGKs5oC3NFnjeay7mtAWrdt7qNtAVK0g19muApzAy4bm9byz79xa2ZnO/BOBC2R8RC5Lww==
  dependencies:
    "@types/node" "*"

acme-http-01-standalone@^3.0.5:
  version "3.0.5"
  resolved "https://registry.yarnpkg.com/acme-http-01-standalone/-/acme-http-01-standalone-3.0.5.tgz#385a53e2da60cafc679fe7d9cf37f6625d442d03"
  integrity sha512-W4GfK+39GZ+u0mvxRVUcVFCG6gposfzEnSBF20T/NUwWAKG59wQT1dUbS1NixRIAsRuhpGc4Jx659cErFQH0Pg==

acorn-walk@^8.1.1:
  version "8.1.1"
  resolved "https://registry.yarnpkg.com/acorn-walk/-/acorn-walk-8.1.1.tgz#3ddab7f84e4a7e2313f6c414c5b7dac85f4e3ebc"
  integrity sha512-FbJdceMlPHEAWJOILDk1fXD8lnTlEIWFkqtfk+MvmL5q/qlHfN7GEHcsFZWt/Tea9jRNPWUZG4G976nqAAmU9w==

acorn@^8.4.1:
  version "8.4.1"
  resolved "https://registry.yarnpkg.com/acorn/-/acorn-8.4.1.tgz#56c36251fc7cabc7096adc18f05afe814321a28c"
  integrity sha512-asabaBSkEKosYKMITunzX177CXxQ4Q8BSSzMTKD+FefUhipQC70gfW5SiUDhYQ3vk8G+81HqQk7Fv9OXwwn9KA==

arg@^4.1.0:
  version "4.1.3"
  resolved "https://registry.yarnpkg.com/arg/-/arg-4.1.3.tgz#269fc7ad5b8e42cb63c896d5666017261c144089"
  integrity sha512-58S9QDqG0Xx27YwPSt9fJxivjYl432YCwfDMfZ+71RAqUrZef7LrKQZ3LHLOwCS4FLNBplP533Zx895SeOCHvA==

cert-info@^1.5.1:
  version "1.5.1"
  resolved "https://registry.yarnpkg.com/cert-info/-/cert-info-1.5.1.tgz#90078c9ea2d18abaa8a4ed9068a46320ecf0d519"
  integrity sha512-eoQC/yAgW3gKTKxjzyClvi+UzuY97YCjcl+lSqbsGIy7HeGaWxCPOQFivhUYm27hgsBMhsJJFya3kGvK6PMIcQ==

cookie-parser@^1.4.5:
  version "1.4.5"
  resolved "https://registry.yarnpkg.com/cookie-parser/-/cookie-parser-1.4.5.tgz#3e572d4b7c0c80f9c61daf604e4336831b5d1d49"
  integrity sha512-f13bPUj/gG/5mDr+xLmSxxDsB9DQiTIfhJS/sqjrmfAWiAN+x2O4i/XguTL9yDZ+/IFDanJ+5x7hC4CXT9Tdzw==
  dependencies:
    cookie "0.4.0"
    cookie-signature "1.0.6"

cookie-signature@1.0.6:
  version "1.0.6"
  resolved "https://registry.yarnpkg.com/cookie-signature/-/cookie-signature-1.0.6.tgz#e303a882b342cc3ee8ca513a79999734dab3ae2c"
  integrity sha1-4wOogrNCzD7oylE6eZmXNNqzriw=

cookie@0.4.0:
  version "0.4.0"
  resolved "https://registry.yarnpkg.com/cookie/-/cookie-0.4.0.tgz#beb437e7022b3b6d49019d088665303ebe9c14ba"
  integrity sha512-+Hp8fLp57wnUSt0tY0tHEXh4voZRDnoIrZPqlo3DPiI4y9lwg/jqx+1Om94/W6ZaPDOUbnjOt/99w66zk+l1Xg==

create-require@^1.1.0:
  version "1.1.1"
  resolved "https://registry.yarnpkg.com/create-require/-/create-require-1.1.1.tgz#c1d7e8f1e5f6cfc9ff65f9cd352d37348756c333"
  integrity sha512-dcKFX3jn0MpIaXjisoRvexIJVEKzaq7z2rZKxf+MSr9TkdmHmsU4m2lcLojrj/FHl8mk5VxMmYA+ftRkP/3oKQ==

cross-fetch@^3.1.4:
  version "3.1.4"
  resolved "https://registry.yarnpkg.com/cross-fetch/-/cross-fetch-3.1.4.tgz#9723f3a3a247bf8b89039f3a380a9244e8fa2f39"
  integrity sha512-1eAtFWdIubi6T4XPy6ei9iUFoKpUkIF971QLN8lIvvvwueI65+Nw5haMNKUwfJxabqlIIDODJKGrQ66gxC0PbQ==
  dependencies:
    node-fetch "2.6.1"

dataloader@2.0.0:
  version "2.0.0"
  resolved "https://registry.yarnpkg.com/dataloader/-/dataloader-2.0.0.tgz#41eaf123db115987e21ca93c005cd7753c55fe6f"
  integrity sha512-YzhyDAwA4TaQIhM5go+vCLmU0UikghC/t9DTQYZR2M/UvZ1MdOhPezSDZcjj9uqQJOMqjLcpWtyW2iNINdlatQ==

diff@^4.0.1:
  version "4.0.2"
  resolved "https://registry.yarnpkg.com/diff/-/diff-4.0.2.tgz#60f3aecb89d5fae520c11aa19efc2bb982aade7d"
  integrity sha512-58lmxKSA4BNyLz+HHMUzlOEpg09FV+ev6ZMe3vJihgdxzgcwZ8VoEEPmALCZG9LmqfVoNMMKpttIYTVG6uDY7A==

escape-html@^1.0.3:
  version "1.0.3"
  resolved "https://registry.yarnpkg.com/escape-html/-/escape-html-1.0.3.tgz#0258eae4d3d0c0974de1c169188ef0051d1d1988"
  integrity sha1-Aljq5NPQwJdN4cFpGI7wBR0dGYg=

greenlock-express@^4.0.3:
  version "4.0.3"
  resolved "https://registry.yarnpkg.com/greenlock-express/-/greenlock-express-4.0.3.tgz#6da7d975c9985173577443faef1664b0664b3328"
  integrity sha512-swTCuaLcZWbwRe9gf28AN1VO2PLiAoPB7StVhEFTBqCqqoHgiu0PJqdz3IbnfXB/8Kckx4sZ+B+Re2BvoCHY4A==
  dependencies:
    "@root/greenlock" "^4.0.4"
    "@root/greenlock-express" "^4.0.3"
    redirect-https "^1.1.5"

greenlock-manager-fs@^3.1.0:
  version "3.1.1"
  resolved "https://registry.yarnpkg.com/greenlock-manager-fs/-/greenlock-manager-fs-3.1.1.tgz#88477dab8fcd1a6455032cc557c81e8cd462ec0c"
  integrity sha512-np6qdnPIOZx40PAcSQcqK1eMPWjTKxsxcgRd/OVg0ai49WC1Ds74CTrwmB84pq2n53ikbnDBQFmKEQ4AC0DK8w==
  dependencies:
    "@root/mkdirp" "^1.0.0"
    safe-replace "^1.1.0"

greenlock-store-fs@^3.2.2:
  version "3.2.2"
  resolved "https://registry.yarnpkg.com/greenlock-store-fs/-/greenlock-store-fs-3.2.2.tgz#e404d3cc1fbaf88dec6914ea2c10d4b31256faa2"
  integrity sha512-92ejLB4DyV4qv/2b6VLGF2nKfYQeIfg3o+e/1cIoYLjlIaUFdbBXkzLTRozFlHsQPZt2ALi5qYrpC9IwH7GK8A==
  dependencies:
    "@root/mkdirp" "^1.0.0"
    safe-replace "^1.1.0"

make-error@^1.1.1:
  version "1.3.6"
  resolved "https://registry.yarnpkg.com/make-error/-/make-error-1.3.6.tgz#2eb2e37ea9b67c4891f684a1394799af484cf7a2"
  integrity sha512-s8UhlNe7vPKomQhC1qFelMokr/Sc3AgNbso3n74mVPA5LTZwkB9NlXf4XPamLxJE8h0gh73rM94xvwRT2CVInw==

node-fetch@2.6.1:
  version "2.6.1"
  resolved "https://registry.yarnpkg.com/node-fetch/-/node-fetch-2.6.1.tgz#045bd323631f76ed2e2b55573394416b639a0052"
  integrity sha512-V4aYg89jEoVRxRb2fJdAg8FHvI7cEyYdVAh94HH0UIK8oJxUfkjlDQN9RbMx+bEjP7+ggMiFRprSti032Oipxw==

redirect-https@^1.1.5, redirect-https@^1.3.1:
  version "1.3.1"
  resolved "https://registry.yarnpkg.com/redirect-https/-/redirect-https-1.3.1.tgz#280629d032262a59adb328dcc993a9950b1a0679"
  integrity sha512-Stex2nI+tMpZXKvy++32TiBXEy+GdpAfp3EUnl5BqCiJ5f5i6XvUSFrs7TR7IoRSlthM7ZtD89uYGTtJBXlFYg==
  dependencies:
    escape-html "^1.0.3"

safe-replace@^1.1.0:
  version "1.1.0"
  resolved "https://registry.yarnpkg.com/safe-replace/-/safe-replace-1.1.0.tgz#432821b5a8139a38b534678d712f0850fe3e5235"
  integrity sha512-9/V2E0CDsKs9DWOOwJH7jYpSl9S3N05uyevNjvsnDauBqRowBPOyot1fIvV5N2IuZAbYyvrTXrYFVG0RZInfFw==

ts-node@^10.2.0:
  version "10.2.0"
  resolved "https://registry.yarnpkg.com/ts-node/-/ts-node-10.2.0.tgz#f1e88249a00e26aa95e9a93c50f70241a8a1c4bb"
  integrity sha512-FstYHtQz6isj8rBtYMN4bZdnXN1vq4HCbqn9vdNQcInRqtB86PePJQIxE6es0PhxKWhj2PHuwbG40H+bxkZPmg==
  dependencies:
    "@cspotcode/source-map-support" "0.6.1"
    "@tsconfig/node10" "^1.0.7"
    "@tsconfig/node12" "^1.0.7"
    "@tsconfig/node14" "^1.0.0"
    "@tsconfig/node16" "^1.0.2"
    acorn "^8.4.1"
    acorn-walk "^8.1.1"
    arg "^4.1.0"
    create-require "^1.1.0"
    diff "^4.0.1"
    make-error "^1.1.1"
    yn "3.1.1"

tslib@~2.3.0:
  version "2.3.0"
  resolved "https://registry.yarnpkg.com/tslib/-/tslib-2.3.0.tgz#803b8cdab3e12ba581a4ca41c8839bbb0dacb09e"
  integrity sha512-N82ooyxVNm6h1riLCoyS9e3fuJ3AMG2zIZs2Gd1ATcSFjSA23Q0fzjjZeh0jbJvWVDZ0cJT8yaNNaaXHzueNjg==

value-or-promise@1.0.10:
  version "1.0.10"
  resolved "https://registry.yarnpkg.com/value-or-promise/-/value-or-promise-1.0.10.tgz#5bf041f1e9a8e7043911875547636768a836e446"
  integrity sha512-1OwTzvcfXkAfabk60UVr5NdjtjJ0Fg0T5+B1bhxtrOEwSH2fe8y4DnLgoksfCyd8yZCOQQHB0qLMQnwgCjbXLQ==

ws@^8.1.0:
  version "8.1.0"
  resolved "https://registry.yarnpkg.com/ws/-/ws-8.1.0.tgz#75e5ec608f66d3d3934ec6dbc4ebc8a34a68638c"
  integrity sha512-0UWlCD2s3RSclw8FN+D0zDTUyMO+1kHwJQQJzkgUh16S8d3NYON0AKCEQPffE0ez4JyRFu76QDA9KR5bOG/7jw==

yn@3.1.1:
  version "3.1.1"
  resolved "https://registry.yarnpkg.com/yn/-/yn-3.1.1.tgz#1e87401a09d767c1d5eab26a6e4c185182d2eb50"
  integrity sha512-Ux4ygGWsu2c7isFWe8Yu1YluJmqVhxqK2cLXNQA5AcC3QfbGNpM7fu0Y8b/z16pXLnFxZYvWhd3fhBY9DLmC6Q==
